
Microsoft Visual Studio Solution File, Format Version 12.00
# Visual Studio Version 17
VisualStudioVersion = 17.3.32825.248
MinimumVisualStudioVersion = 10.0.40219.1
Project("{FAE04EC0-301F-11D3-BF4B-00C04F79EFBC}") = "Day2_2", "Day2_2\Day2_2.csproj", "{B57D867B-CEE4-4F48-ACC6-C4E80FA5DFEF}"
EndProject
Global
	GlobalSection(SolutionConfigurationPlatforms) = preSolution
		Debug|Any CPU = Debug|Any CPU
		Release|Any CPU = Release|Any CPU
	EndGlobalSection
	GlobalSection(ProjectConfigurationPlatforms) = postSolution
		{B57D867B-CEE4-4F48-ACC6-C4E80FA5DFEF}.Debug|Any CPU.ActiveCfg = Debug|Any CPU
		{B57D867B-CEE4-4F48-ACC6-C4E80FA5DFEF}.Debug|Any CPU.Build.0 = Debug|Any CPU
		{B57D867B-CEE4-4F48-ACC6-C4E80FA5DFEF}.Release|Any CPU.ActiveCfg = Release|Any CPU
		{B57D867B-CEE4-4F48-ACC6-C4E80FA5DFEF}.Release|Any CPU.Build.0 = Release|Any CPU
	EndGlobalSection
	GlobalSection(SolutionProperties) = preSolution
		HideSolutionNode = FALSE
	EndGlobalSection
	GlobalSection(ExtensibilityGlobals) = postSolution
		SolutionGuid = {28D0A28B-4C13-470D-9605-97578B3CD5A9}
	EndGlobalSection
EndGlobal
