
Microsoft Visual Studio Solution File, Format Version 12.00
# Visual Studio Version 17
VisualStudioVersion = 17.3.32825.248
MinimumVisualStudioVersion = 10.0.40219.1
Project("{FAE04EC0-301F-11D3-BF4B-00C04F79EFBC}") = "ConsoleApp2", "ConsoleApp2\ConsoleApp2.csproj", "{37540074-3742-4747-8828-0F19CE105D73}"
EndProject
Project("{FAE04EC0-301F-11D3-BF4B-00C04F79EFBC}") = "ConsoleApp_2", "ConsoleApp_2\ConsoleApp_2.csproj", "{01DA37C3-F10E-4490-BB0F-67A1DE72C697}"
EndProject
Global
	GlobalSection(SolutionConfigurationPlatforms) = preSolution
		Debug|Any CPU = Debug|Any CPU
		Release|Any CPU = Release|Any CPU
	EndGlobalSection
	GlobalSection(ProjectConfigurationPlatforms) = postSolution
		{37540074-3742-4747-8828-0F19CE105D73}.Debug|Any CPU.ActiveCfg = Debug|Any CPU
		{37540074-3742-4747-8828-0F19CE105D73}.Debug|Any CPU.Build.0 = Debug|Any CPU
		{37540074-3742-4747-8828-0F19CE105D73}.Release|Any CPU.ActiveCfg = Release|Any CPU
		{37540074-3742-4747-8828-0F19CE105D73}.Release|Any CPU.Build.0 = Release|Any CPU
		{01DA37C3-F10E-4490-BB0F-67A1DE72C697}.Debug|Any CPU.ActiveCfg = Debug|Any CPU
		{01DA37C3-F10E-4490-BB0F-67A1DE72C697}.Debug|Any CPU.Build.0 = Debug|Any CPU
		{01DA37C3-F10E-4490-BB0F-67A1DE72C697}.Release|Any CPU.ActiveCfg = Release|Any CPU
		{01DA37C3-F10E-4490-BB0F-67A1DE72C697}.Release|Any CPU.Build.0 = Release|Any CPU
	EndGlobalSection
	GlobalSection(SolutionProperties) = preSolution
		HideSolutionNode = FALSE
	EndGlobalSection
	GlobalSection(ExtensibilityGlobals) = postSolution
		SolutionGuid = {416E38EA-4589-4CDE-9EA7-52F7F4F41677}
	EndGlobalSection
EndGlobal
