
Microsoft Visual Studio Solution File, Format Version 12.00
# Visual Studio Version 17
VisualStudioVersion = 17.3.32825.248
MinimumVisualStudioVersion = 10.0.40219.1
Project("{FAE04EC0-301F-11D3-BF4B-00C04F79EFBC}") = "Console_Struct", "Console_Struct\Console_Struct.csproj", "{9608D995-90F7-4DB5-8691-1F52EB035E33}"
EndProject
Global
	GlobalSection(SolutionConfigurationPlatforms) = preSolution
		Debug|Any CPU = Debug|Any CPU
		Release|Any CPU = Release|Any CPU
	EndGlobalSection
	GlobalSection(ProjectConfigurationPlatforms) = postSolution
		{9608D995-90F7-4DB5-8691-1F52EB035E33}.Debug|Any CPU.ActiveCfg = Debug|Any CPU
		{9608D995-90F7-4DB5-8691-1F52EB035E33}.Debug|Any CPU.Build.0 = Debug|Any CPU
		{9608D995-90F7-4DB5-8691-1F52EB035E33}.Release|Any CPU.ActiveCfg = Release|Any CPU
		{9608D995-90F7-4DB5-8691-1F52EB035E33}.Release|Any CPU.Build.0 = Release|Any CPU
	EndGlobalSection
	GlobalSection(SolutionProperties) = preSolution
		HideSolutionNode = FALSE
	EndGlobalSection
	GlobalSection(ExtensibilityGlobals) = postSolution
		SolutionGuid = {81EDAA51-8E8A-4F3E-9FF4-92E90700E9AF}
	EndGlobalSection
EndGlobal
