
Microsoft Visual Studio Solution File, Format Version 12.00
# Visual Studio Version 17
VisualStudioVersion = 17.3.32825.248
MinimumVisualStudioVersion = 10.0.40219.1
Project("{FAE04EC0-301F-11D3-BF4B-00C04F79EFBC}") = "ConsoleAss_3", "ConsoleAss_3\ConsoleAss_3.csproj", "{2C29EB58-371F-40F0-AEAA-C39E741C82C7}"
EndProject
Global
	GlobalSection(SolutionConfigurationPlatforms) = preSolution
		Debug|Any CPU = Debug|Any CPU
		Release|Any CPU = Release|Any CPU
	EndGlobalSection
	GlobalSection(ProjectConfigurationPlatforms) = postSolution
		{2C29EB58-371F-40F0-AEAA-C39E741C82C7}.Debug|Any CPU.ActiveCfg = Debug|Any CPU
		{2C29EB58-371F-40F0-AEAA-C39E741C82C7}.Debug|Any CPU.Build.0 = Debug|Any CPU
		{2C29EB58-371F-40F0-AEAA-C39E741C82C7}.Release|Any CPU.ActiveCfg = Release|Any CPU
		{2C29EB58-371F-40F0-AEAA-C39E741C82C7}.Release|Any CPU.Build.0 = Release|Any CPU
	EndGlobalSection
	GlobalSection(SolutionProperties) = preSolution
		HideSolutionNode = FALSE
	EndGlobalSection
	GlobalSection(ExtensibilityGlobals) = postSolution
		SolutionGuid = {1D3B5904-4662-4580-B10E-09E2B94145E2}
	EndGlobalSection
EndGlobal
