
Microsoft Visual Studio Solution File, Format Version 12.00
# Visual Studio Version 17
VisualStudioVersion = 17.3.32825.248
MinimumVisualStudioVersion = 10.0.40219.1
Project("{FAE04EC0-301F-11D3-BF4B-00C04F79EFBC}") = "ConsoleApp_3", "ConsoleApp_3\ConsoleApp_3.csproj", "{94E14E82-266A-46EE-A600-2F9EC2D4C7B5}"
EndProject
Global
	GlobalSection(SolutionConfigurationPlatforms) = preSolution
		Debug|Any CPU = Debug|Any CPU
		Release|Any CPU = Release|Any CPU
	EndGlobalSection
	GlobalSection(ProjectConfigurationPlatforms) = postSolution
		{94E14E82-266A-46EE-A600-2F9EC2D4C7B5}.Debug|Any CPU.ActiveCfg = Debug|Any CPU
		{94E14E82-266A-46EE-A600-2F9EC2D4C7B5}.Debug|Any CPU.Build.0 = Debug|Any CPU
		{94E14E82-266A-46EE-A600-2F9EC2D4C7B5}.Release|Any CPU.ActiveCfg = Release|Any CPU
		{94E14E82-266A-46EE-A600-2F9EC2D4C7B5}.Release|Any CPU.Build.0 = Release|Any CPU
	EndGlobalSection
	GlobalSection(SolutionProperties) = preSolution
		HideSolutionNode = FALSE
	EndGlobalSection
	GlobalSection(ExtensibilityGlobals) = postSolution
		SolutionGuid = {BFDC87E0-022E-4C0F-A396-A278FE1E12A1}
	EndGlobalSection
EndGlobal
